
Microsoft Visual Studio Solution File, Format Version 12.00
# Visual Studio Version 16
VisualStudioVersion = 16.0.31025.194
MinimumVisualStudioVersion = 10.0.40219.1
Project("{FAE04EC0-301F-11D3-BF4B-00C04F79EFBC}") = "WebApplication2", "WebApplication2\WebApplication2.csproj", "{9CF0530F-D3E7-43D7-A661-9A7F93D97D92}"
EndProject
Global
	GlobalSection(SolutionConfigurationPlatforms) = preSolution
		Debug|Any CPU = Debug|Any CPU
		Release|Any CPU = Release|Any CPU
	EndGlobalSection
	GlobalSection(ProjectConfigurationPlatforms) = postSolution
		{9CF0530F-D3E7-43D7-A661-9A7F93D97D92}.Debug|Any CPU.ActiveCfg = Debug|Any CPU
		{9CF0530F-D3E7-43D7-A661-9A7F93D97D92}.Debug|Any CPU.Build.0 = Debug|Any CPU
		{9CF0530F-D3E7-43D7-A661-9A7F93D97D92}.Release|Any CPU.ActiveCfg = Release|Any CPU
		{9CF0530F-D3E7-43D7-A661-9A7F93D97D92}.Release|Any CPU.Build.0 = Release|Any CPU
	EndGlobalSection
	GlobalSection(SolutionProperties) = preSolution
		HideSolutionNode = FALSE
	EndGlobalSection
	GlobalSection(ExtensibilityGlobals) = postSolution
		SolutionGuid = {3AFF2932-24D2-4E81-85F5-CA38716E6BB2}
	EndGlobalSection
EndGlobal
